Microsoft Visual Studio Solution File, Format Version 12.00
# Visual Studio Version 17
VisualStudioVersion = 17.5.2.0
MinimumVisualStudioVersion = 10.0.40219.1
Project("{FAE04EC0-301F-11D3-BF4B-00C04F79EFBC}") = "ScenrioProject1", "ScenrioProject1.csproj", "{59695D67-F43A-DB04-28E8-E43B9F95A712}"
EndProject
Global
	GlobalSection(SolutionConfigurationPlatforms) = preSolution
		Debug|Any CPU = Debug|Any CPU
		Release|Any CPU = Release|Any CPU
	EndGlobalSection
	GlobalSection(ProjectConfigurationPlatforms) = postSolution
		{59695D67-F43A-DB04-28E8-E43B9F95A712}.Debug|Any CPU.ActiveCfg = Debug|Any CPU
		{59695D67-F43A-DB04-28E8-E43B9F95A712}.Debug|Any CPU.Build.0 = Debug|Any CPU
		{59695D67-F43A-DB04-28E8-E43B9F95A712}.Release|Any CPU.ActiveCfg = Release|Any CPU
		{59695D67-F43A-DB04-28E8-E43B9F95A712}.Release|Any CPU.Build.0 = Release|Any CPU
	EndGlobalSection
	GlobalSection(SolutionProperties) = preSolution
		HideSolutionNode = FALSE
	EndGlobalSection
	GlobalSection(ExtensibilityGlobals) = postSolution
		SolutionGuid = {78641707-8F67-4052-AE3C-350B704D96C3}
	EndGlobalSection
EndGlobal
