Microsoft Visual Studio Solution File, Format Version 12.00
# Visual Studio Version 17
VisualStudioVersion = 17.5.2.0
MinimumVisualStudioVersion = 10.0.40219.1
Project("{FAE04EC0-301F-11D3-BF4B-00C04F79EFBC}") = "ScenrioProject2", "ScenrioProject2.csproj", "{BA6E3537-473B-5B36-439C-428B65D993FE}"
EndProject
Global
	GlobalSection(SolutionConfigurationPlatforms) = preSolution
		Debug|Any CPU = Debug|Any CPU
		Release|Any CPU = Release|Any CPU
	EndGlobalSection
	GlobalSection(ProjectConfigurationPlatforms) = postSolution
		{BA6E3537-473B-5B36-439C-428B65D993FE}.Debug|Any CPU.ActiveCfg = Debug|Any CPU
		{BA6E3537-473B-5B36-439C-428B65D993FE}.Debug|Any CPU.Build.0 = Debug|Any CPU
		{BA6E3537-473B-5B36-439C-428B65D993FE}.Release|Any CPU.ActiveCfg = Release|Any CPU
		{BA6E3537-473B-5B36-439C-428B65D993FE}.Release|Any CPU.Build.0 = Release|Any CPU
	EndGlobalSection
	GlobalSection(SolutionProperties) = preSolution
		HideSolutionNode = FALSE
	EndGlobalSection
	GlobalSection(ExtensibilityGlobals) = postSolution
		SolutionGuid = {EEF00B67-F330-41BA-85E6-7429B980EAC0}
	EndGlobalSection
EndGlobal
